{
  "version": "5",
  "specifiers": {
    "npm:@atcute/tid@^1.0.3": "1.0.3",
    "npm:@wora/cache-persist@^2.2.1": "2.2.1",
    "npm:hash-wasm@^4.12.0": "4.12.0",
    "npm:lru-cache@^11.2.2": "11.2.2"
  },
  "npm": {
    "@atcute/tid@1.0.3": {
      "integrity": "sha512-wfMJx1IMdnu0CZgWl0uR4JO2s6PGT1YPhpytD4ZHzEYKKQVuqV6Eb/7vieaVo1eYNMp2FrY67FZObeR7utRl2w=="
    },
    "@wora/cache-persist@2.2.1": {
      "integrity": "sha512-X9MHiML5F8z3mabnl6J8hAwjn9g6Sria6+wUGwo97UDLMOWpZtJ+Jp/DQ7GjI1JirVXMQUDXBftVDgpvjhpNcw==",
      "dependencies": [
        "idb"
      ]
    },
    "hash-wasm@4.12.0": {
      "integrity": "sha512-+/2B2rYLb48I/evdOIhP+K/DD2ca2fgBjp6O+GBEnCDk2e4rpeXIK8GvIyRPjTezgmWn9gmKwkQjjx6BtqDHVQ=="
    },
    "idb@4.0.5": {
      "integrity": "sha512-P+Fk9HT2h1DhXoE1YNK183SY+CRh2GHNh28de94sGwhe0bUA75JJeVJWt3SenE5p0BXK7maflIq29dl6UZHrFw=="
    },
    "lru-cache@11.2.2": {
      "integrity": "sha512-F9ODfyqML2coTIsQpSkRHnLSZMtkU8Q+mSfcaIyKwy58u+8k5nvAYeiNhsyMARvzNcXJ9QfWVrcPsC9e9rAxtg=="
    }
  },
  "workspace": {
    "packageJson": {
      "dependencies": [
        "npm:@atcute/atproto@^3.1.7",
        "npm:@atcute/bluesky@^3.2.7",
        "npm:@atcute/client@^4.0.5",
        "npm:@atcute/identity@^1.1.1",
        "npm:@atcute/lexicons@^1.2.2",
        "npm:@atcute/tid@^1.0.3",
        "npm:@eslint/compat@^1.4.0",
        "npm:@eslint/js@^9.36.0",
        "npm:@iconify/svelte@^5.0.2",
        "npm:@soffinal/websocket@~0.2.1",
        "npm:@sveltejs/adapter-static@^3.0.10",
        "npm:@sveltejs/kit@^2.43.2",
        "npm:@sveltejs/vite-plugin-svelte@^6.2.0",
        "npm:@tailwindcss/forms@~0.5.10",
        "npm:@tailwindcss/vite@^4.1.13",
        "npm:@types/node@24",
        "npm:@wora/cache-persist@^2.2.1",
        "npm:eslint-config-prettier@^10.1.8",
        "npm:eslint-plugin-svelte@^3.12.4",
        "npm:eslint@^9.36.0",
        "npm:globals@^16.4.0",
        "npm:hash-wasm@^4.12.0",
        "npm:lru-cache@^11.2.2",
        "npm:prettier-plugin-svelte@^3.4.0",
        "npm:prettier-plugin-tailwindcss@~0.6.14",
        "npm:prettier@^3.6.2",
        "npm:svelte-awesome-color-picker@^4.0.2",
        "npm:svelte-check@^4.3.2",
        "npm:svelte-infinite@0.5",
        "npm:svelte@^5.39.5",
        "npm:tailwindcss@^4.1.13",
        "npm:typescript-eslint@^8.44.1",
        "npm:typescript@^5.9.2",
        "npm:vite@^7.1.7"
      ]
    }
  }
}
